
Microsoft Visual Studio Solution File, Format Version 12.00
# Visual Studio Version 17
VisualStudioVersion = 17.7.34009.444
MinimumVisualStudioVersion = 10.0.40219.1
Project("{9A19103F-16F7-4668-BE54-9A1E7A4F7556}") = "CSharpConcept", "CSharpConcept\CSharpConcept.csproj", "{718730EC-0771-41E5-9F07-9FCE62418579}"
EndProject
Project("{FAE04EC0-301F-11D3-BF4B-00C04F79EFBC}") = "SeleniumConcepts", "SeleniumConcepts\SeleniumConcepts.csproj", "{984DA6F1-3B05-46C1-851E-22B3E17CBD68}"
EndProject
Global
	GlobalSection(SolutionConfigurationPlatforms) = preSolution
		Debug|Any CPU = Debug|Any CPU
		Release|Any CPU = Release|Any CPU
	EndGlobalSection
	GlobalSection(ProjectConfigurationPlatforms) = postSolution
		{718730EC-0771-41E5-9F07-9FCE62418579}.Debug|Any CPU.ActiveCfg = Debug|Any CPU
		{718730EC-0771-41E5-9F07-9FCE62418579}.Debug|Any CPU.Build.0 = Debug|Any CPU
		{718730EC-0771-41E5-9F07-9FCE62418579}.Release|Any CPU.ActiveCfg = Release|Any CPU
		{718730EC-0771-41E5-9F07-9FCE62418579}.Release|Any CPU.Build.0 = Release|Any CPU
		{984DA6F1-3B05-46C1-851E-22B3E17CBD68}.Debug|Any CPU.ActiveCfg = Debug|Any CPU
		{984DA6F1-3B05-46C1-851E-22B3E17CBD68}.Debug|Any CPU.Build.0 = Debug|Any CPU
		{984DA6F1-3B05-46C1-851E-22B3E17CBD68}.Release|Any CPU.ActiveCfg = Release|Any CPU
		{984DA6F1-3B05-46C1-851E-22B3E17CBD68}.Release|Any CPU.Build.0 = Release|Any CPU
	EndGlobalSection
	GlobalSection(SolutionProperties) = preSolution
		HideSolutionNode = FALSE
	EndGlobalSection
	GlobalSection(ExtensibilityGlobals) = postSolution
		SolutionGuid = {3F7B6E3F-6159-4F54-9276-7D9F95A896C9}
	EndGlobalSection
EndGlobal
